
Microsoft Visual Studio Solution File, Format Version 12.00
# Visual Studio Version 16
VisualStudioVersion = 16.0.30907.101
MinimumVisualStudioVersion = 10.0.40219.1
Project("{9A19103F-16F7-4668-BE54-9A1E7A4F7556}") = "Library_8699", "Library_8699\Library_8699.csproj", "{388EA60D-6092-4348-84EE-00B3C1740F82}"
EndProject
Project("{9A19103F-16F7-4668-BE54-9A1E7A4F7556}") = "Library_8699_DAL", "Library_8699_DAL\Library_8699_DAL.csproj", "{82E9D469-C8EE-419D-80DF-86A3FC8484C3}"
EndProject
Global
	GlobalSection(SolutionConfigurationPlatforms) = preSolution
		Debug|Any CPU = Debug|Any CPU
		Release|Any CPU = Release|Any CPU
	EndGlobalSection
	GlobalSection(ProjectConfigurationPlatforms) = postSolution
		{388EA60D-6092-4348-84EE-00B3C1740F82}.Debug|Any CPU.ActiveCfg = Debug|Any CPU
		{388EA60D-6092-4348-84EE-00B3C1740F82}.Debug|Any CPU.Build.0 = Debug|Any CPU
		{388EA60D-6092-4348-84EE-00B3C1740F82}.Release|Any CPU.ActiveCfg = Release|Any CPU
		{388EA60D-6092-4348-84EE-00B3C1740F82}.Release|Any CPU.Build.0 = Release|Any CPU
		{82E9D469-C8EE-419D-80DF-86A3FC8484C3}.Debug|Any CPU.ActiveCfg = Debug|Any CPU
		{82E9D469-C8EE-419D-80DF-86A3FC8484C3}.Debug|Any CPU.Build.0 = Debug|Any CPU
		{82E9D469-C8EE-419D-80DF-86A3FC8484C3}.Release|Any CPU.ActiveCfg = Release|Any CPU
		{82E9D469-C8EE-419D-80DF-86A3FC8484C3}.Release|Any CPU.Build.0 = Release|Any CPU
	EndGlobalSection
	GlobalSection(SolutionProperties) = preSolution
		HideSolutionNode = FALSE
	EndGlobalSection
	GlobalSection(ExtensibilityGlobals) = postSolution
		SolutionGuid = {A8FC0D04-A0D7-446E-BA0D-7550672A3E6E}
	EndGlobalSection
EndGlobal
